PODS:
  - Nimble (10.0.0)
  - OpenAttestationIOS (0.1.0)
  - Quick (2.2.1)

DEPENDENCIES:
  - Nimble (~> 10.0.0)
  - OpenAttestationIOS (from `../`)
  - Quick (~> 2.2.0)

SPEC REPOS:
  trunk:
    - Nimble
    - Quick

EXTERNAL SOURCES:
  OpenAttestationIOS:
    :path: "../"

SPEC CHECKSUMS:
  Nimble: 5316ef81a170ce87baf72dd961f22f89a602ff84
  OpenAttestationIOS: 51860c293a5ac4338dd304710b2c5601c680bfce
  Quick: f5754d69b7013f5864c29aab9ae6f0c79c5bc200

PODFILE CHECKSUM: f0c7305d52511c95f9a2550474b8ed99329a4e5c

COCOAPODS: 1.11.3
