PODS:
  - Nimble (10.0.0)
  - OpenAttestationIOS (0.1.3)
  - Quick (5.0.1)

DEPENDENCIES:
  - Nimble (~> 10.0.0)
  - OpenAttestationIOS (from `../`)
  - Quick (~> 5.0.1)

SPEC REPOS:
  trunk:
    - Nimble
    - Quick

EXTERNAL SOURCES:
  OpenAttestationIOS:
    :path: "../"

SPEC CHECKSUMS:
  Nimble: 5316ef81a170ce87baf72dd961f22f89a602ff84
  OpenAttestationIOS: b7358c46317c80be31d3ff9a4ef83fa8845bc5d7
  Quick: 749aa754fd1e7d984f2000fe051e18a3a9809179

PODFILE CHECKSUM: 0d4ed4e6fb619672e6489d34bba590a1d62fc853

COCOAPODS: 1.11.3
